schema: '2.0'
stages:
  data_ingestion:
    cmd: python src/ChickenDiseaseClassifier/pipeline/stage_01_data_ingestion.py
    deps:
    - path: config/config.yaml
      hash: md5
      md5: fab248c1c54c7dadf682e6a26a3f20c1
      size: 801
    - path: src/ChickenDiseaseClassifier/pipeline/stage_01_data_ingestion.py
      hash: md5
      md5: a6d82abf473e8a7e4c49cfa58deb8a4e
      size: 933
    outs:
    - path: artifacts/data_ingestion/Chicken-fecal-images
      hash: md5
      md5: 9e1f8dd2eae3c29e9d635df89d438ae4.dir
      size: 12207807
      nfiles: 390
  prepare_base_model:
    cmd: python src/ChickenDiseaseClassifier/pipeline/stage_02_prepare_base_model.py
    deps:
    - path: config/config.yaml
      hash: md5
      md5: fab248c1c54c7dadf682e6a26a3f20c1
      size: 801
    - path: src/ChickenDiseaseClassifier/pipeline/stage_02_prepare_base_model.py
      hash: md5
      md5: 6dd625e4a29f875909bad9841f43678d
      size: 1042
    params:
      params.yaml:
        CLASSES: 2
        IMAGE_SIZE:
        - 224
        - 224
        - 3
        INCLUDE_TOP: false
        LEARNING_RATE: 0.01
        WEIGHTS: imagenet
    outs:
    - path: artifacts/prepare_base_model
      hash: md5
      md5: 3a777fc331505957b528512ddf8e601f.dir
      size: 118059248
      nfiles: 2
  training:
    cmd: python src/ChickenDiseaseClassifier/pipeline/stage_03_training.py
    deps:
    - path: artifacts/data_ingestion/Chicken-fecal-images
      hash: md5
      md5: 9e1f8dd2eae3c29e9d635df89d438ae4.dir
      size: 12207807
      nfiles: 390
    - path: artifacts/prepare_base_model
      hash: md5
      md5: 3a777fc331505957b528512ddf8e601f.dir
      size: 118059248
      nfiles: 2
    - path: config/config.yaml
      hash: md5
      md5: fab248c1c54c7dadf682e6a26a3f20c1
      size: 801
    - path: params.yaml
      hash: md5
      md5: 96b477acbe323593690b73a3373971c7
      size: 143
    - path: src/ChickenDiseaseClassifier/components/prepare_callbacks.py
      hash: md5
      md5: 48c724eb2574c53e54346b6d475e8c23
      size: 1107
    - path: src/ChickenDiseaseClassifier/pipeline/stage_03_training.py
      hash: md5
      md5: 145c18e7892468bc4b962601afcf37c3
      size: 1294
    params:
      params.yaml:
        AUGMENTATION: true
        BATCH_SIZE: 16
        EPOCHS: 1
        IMAGE_SIZE:
        - 224
        - 224
        - 3
    outs:
    - path: artifacts/training/model.h5
      hash: md5
      md5: 16368485361855a3af0ff3b99b0f0023
      size: 59340720
  evaluation:
    cmd: python src/ChickenDiseaseClassifier/pipeline/stage_04_evaluation.py
    deps:
    - path: artifacts/data_ingestion/Chicken-fecal-images
      hash: md5
      md5: 9e1f8dd2eae3c29e9d635df89d438ae4.dir
      size: 12207807
      nfiles: 390
    - path: artifacts/training/model.h5
      hash: md5
      md5: 16368485361855a3af0ff3b99b0f0023
      size: 59340720
    - path: config/config.yaml
      hash: md5
      md5: fab248c1c54c7dadf682e6a26a3f20c1
      size: 801
    - path: src/ChickenDiseaseClassifier/pipeline/stage_04_evaluation.py
      hash: md5
      md5: 4d5c8fed13efd6b2297ce0dc98dc1152
      size: 902
    params:
      params.yaml:
        BATCH_SIZE: 16
        IMAGE_SIZE:
        - 224
        - 224
        - 3
    outs:
    - path: scores.json
      hash: md5
      md5: fece7ad74befae32d27a4e5d996a5556
      size: 73
